// !$*UTF8*$!
{
	archiveVersion = 1;
	classes = {
	};
	objectVersion = 46;
	objects = {

/* Begin PBXBuildFile section */
		2E2AA9741C9A786A00D83E78 /* User.m in Sources */ = {isa = PBXBuildFile; fileRef = 2E2AA9731C9A786A00D83E78 /* User.m */; };
		C9717AAB1C913DF000485C66 /* main.m in Sources */ = {isa = PBXBuildFile; fileRef = C9717AAA1C913DF000485C66 /* main.m */; };
		C9717AB41C913E3100485C66 /* JAppDIProtocol.m in Sources */ = {isa = PBXBuildFile; fileRef = C9717AB31C913E3100485C66 /* JAppDIProtocol.m */; };
/* End PBXBuildFile section */

/* Begin PBXCopyFilesBuildPhase section */
		C9717AA51C913DF000485C66 /* CopyFiles */ = {
			isa = PBXCopyFilesBuildPhase;
			buildActionMask = 2147483647;
			dstPath = /usr/share/man/man1/;
			dstSubfolderSpec = 0;
			files = (
			);
			runOnlyForDeploymentPostprocessing = 1;
		};
/* End PBXCopyFilesBuildPhase section */

/* Begin PBXFileReference section */
		2E2AA9701C9A780900D83E78 /* info.h */ = {isa = PBXFileReference; fileEncoding = 4; lastKnownFileType = sourcecode.c.h; path = info.h; sourceTree = "<group>"; };
		2E2AA9711C9A781B00D83E78 /* info1.h */ = {isa = PBXFileReference; fileEncoding = 4; lastKnownFileType = sourcecode.c.h; path = info1.h; sourceTree = "<group>"; };
		2E2AA9721C9A786A00D83E78 /* User.h */ = {isa = PBXFileReference; fileEncoding = 4; lastKnownFileType = sourcecode.c.h; path = User.h; sourceTree = "<group>"; };
		2E2AA9731C9A786A00D83E78 /* User.m */ = {isa = PBXFileReference; fileEncoding = 4; lastKnownFileType = sourcecode.c.objc; path = User.m; sourceTree = "<group>"; };
		C9717AA71C913DF000485C66 /* DI-Protocol */ = {isa = PBXFileReference; explicitFileType = "compiled.mach-o.executable"; includeInIndex = 0; path = "DI-Protocol"; sourceTree = BUILT_PRODUCTS_DIR; };
		C9717AAA1C913DF000485C66 /* main.m */ = {isa = PBXFileReference; lastKnownFileType = sourcecode.c.objc; path = main.m; sourceTree = "<group>"; };
		C9717AB21C913E3100485C66 /* JAppDIProtocol.h */ = {isa = PBXFileReference; fileEncoding = 4; lastKnownFileType = sourcecode.c.h; name = JAppDIProtocol.h; path = "DI-Protocol/JAppDIProtocol.h"; sourceTree = "<group>"; };
		C9717AB31C913E3100485C66 /* JAppDIProtocol.m */ = {isa = PBXFileReference; fileEncoding = 4; lastKnownFileType = sourcecode.c.objc; name = JAppDIProtocol.m; path = "DI-Protocol/JAppDIProtocol.m"; sourceTree = "<group>"; };
/* End PBXFileReference section */

/* Begin PBXFrameworksBuildPhase section */
		C9717AA41C913DF000485C66 /* Frameworks */ = {
			isa = PBXFrameworksBuildPhase;
			buildActionMask = 2147483647;
			files = (
			);
			runOnlyForDeploymentPostprocessing = 0;
		};
/* End PBXFrameworksBuildPhase section */

/* Begin PBXGroup section */
		2E2AA96F1C9A77D700D83E78 /* TestModel */ = {
			isa = PBXGroup;
			children = (
				2E2AA9701C9A780900D83E78 /* info.h */,
				2E2AA9711C9A781B00D83E78 /* info1.h */,
				2E2AA9721C9A786A00D83E78 /* User.h */,
				2E2AA9731C9A786A00D83E78 /* User.m */,
			);
			name = TestModel;
			sourceTree = "<group>";
		};
		C9717A9E1C913DF000485C66 = {
			isa = PBXGroup;
			children = (
				C9717AB11C913DF600485C66 /* DIProtocol */,
				C9717AA91C913DF000485C66 /* DI-Protocol */,
				C9717AA81C913DF000485C66 /* Products */,
			);
			sourceTree = "<group>";
		};
		C9717AA81C913DF000485C66 /* Products */ = {
			isa = PBXGroup;
			children = (
				C9717AA71C913DF000485C66 /* DI-Protocol */,
			);
			name = Products;
			sourceTree = "<group>";
		};
		C9717AA91C913DF000485C66 /* DI-Protocol */ = {
			isa = PBXGroup;
			children = (
				2E2AA96F1C9A77D700D83E78 /* TestModel */,
				C9717AAA1C913DF000485C66 /* main.m */,
			);
			path = "DI-Protocol";
			sourceTree = "<group>";
		};
		C9717AB11C913DF600485C66 /* DIProtocol */ = {
			isa = PBXGroup;
			children = (
				C9717AB21C913E3100485C66 /* JAppDIProtocol.h */,
				C9717AB31C913E3100485C66 /* JAppDIProtocol.m */,
			);
			name = DIProtocol;
			sourceTree = "<group>";
		};
/* End PBXGroup section */

/* Begin PBXNativeTarget section */
		C9717AA61C913DF000485C66 /* DI-Protocol */ = {
			isa = PBXNativeTarget;
			buildConfigurationList = C9717AAE1C913DF000485C66 /* Build configuration list for PBXNativeTarget "DI-Protocol" */;
			buildPhases = (
				C9717AA31C913DF000485C66 /* Sources */,
				C9717AA41C913DF000485C66 /* Frameworks */,
				C9717AA51C913DF000485C66 /* CopyFiles */,
			);
			buildRules = (
			);
			dependencies = (
			);
			name = "DI-Protocol";
			productName = "DI-Protocol";
			productReference = C9717AA71C913DF000485C66 /* DI-Protocol */;
			productType = "com.apple.product-type.tool";
		};
/* End PBXNativeTarget section */

/* Begin PBXProject section */
		C9717A9F1C913DF000485C66 /* Project object */ = {
			isa = PBXProject;
			attributes = {
				LastUpgradeCheck = 0720;
				ORGANIZATIONNAME = Allan;
				TargetAttributes = {
					C9717AA61C913DF000485C66 = {
						CreatedOnToolsVersion = 7.2;
					};
				};
			};
			buildConfigurationList = C9717AA21C913DF000485C66 /* Build configuration list for PBXProject "DI-Protocol" */;
			compatibilityVersion = "Xcode 3.2";
			developmentRegion = English;
			hasScannedForEncodings = 0;
			knownRegions = (
				en,
			);
			mainGroup = C9717A9E1C913DF000485C66;
			productRefGroup = C9717AA81C913DF000485C66 /* Products */;
			projectDirPath = "";
			projectRoot = "";
			targets = (
				C9717AA61C913DF000485C66 /* DI-Protocol */,
			);
		};
/* End PBXProject section */

/* Begin PBXSourcesBuildPhase section */
		C9717AA31C913DF000485C66 /* Sources */ = {
			isa = PBXSourcesBuildPhase;
			buildActionMask = 2147483647;
			files = (
				C9717AAB1C913DF000485C66 /* main.m in Sources */,
				C9717AB41C913E3100485C66 /* JAppDIProtocol.m in Sources */,
				2E2AA9741C9A786A00D83E78 /* User.m in Sources */,
			);
			runOnlyForDeploymentPostprocessing = 0;
		};
/* End PBXSourcesBuildPhase section */

/* Begin XCBuildConfiguration section */
		C9717AAC1C913DF000485C66 /* Debug */ = {
			isa = XCBuildConfiguration;
			buildSettings = {
				ALWAYS_SEARCH_USER_PATHS = NO;
				CLANG_CXX_LANGUAGE_STANDARD = "gnu++0x";
				CLANG_CXX_LIBRARY = "libc++";
				CLANG_ENABLE_MODULES = YES;
				CLANG_ENABLE_OBJC_ARC = YES;
				CLANG_WARN_BOOL_CONVERSION = YES;
				CLANG_WARN_CONSTANT_CONVERSION = YES;
				CLANG_WARN_DIRECT_OBJC_ISA_USAGE = YES_ERROR;
				CLANG_WARN_EMPTY_BODY = YES;
				CLANG_WARN_ENUM_CONVERSION = YES;
				CLANG_WARN_INT_CONVERSION = YES;
				CLANG_WARN_OBJC_ROOT_CLASS = YES_ERROR;
				CLANG_WARN_UNREACHABLE_CODE = YES;
				CLANG_WARN__DUPLICATE_METHOD_MATCH = YES;
				CODE_SIGN_IDENTITY = "-";
				COPY_PHASE_STRIP = NO;
				DEBUG_INFORMATION_FORMAT = dwarf;
				ENABLE_STRICT_OBJC_MSGSEND = YES;
				ENABLE_TESTABILITY = YES;
				GCC_C_LANGUAGE_STANDARD = gnu99;
				GCC_DYNAMIC_NO_PIC = NO;
				GCC_NO_COMMON_BLOCKS = YES;
				GCC_OPTIMIZATION_LEVEL = 0;
				GCC_PREPROCESSOR_DEFINITIONS = (
					"DEBUG=1",
					"$(inherited)",
				);
				GCC_WARN_64_TO_32_BIT_CONVERSION = YES;
				GCC_WARN_ABOUT_RETURN_TYPE = YES_ERROR;
				GCC_WARN_UNDECLARED_SELECTOR = YES;
				GCC_WARN_UNINITIALIZED_AUTOS = YES_AGGRESSIVE;
				GCC_WARN_UNUSED_FUNCTION = YES;
				GCC_WARN_UNUSED_VARIABLE = YES;
				MACOSX_DEPLOYMENT_TARGET = 10.10;
				MTL_ENABLE_DEBUG_INFO = YES;
				ONLY_ACTIVE_ARCH = YES;
				SDKROOT = macosx;
			};
			name = Debug;
		};
		C9717AAD1C913DF000485C66 /* Release */ = {
			isa = XCBuildConfiguration;
			buildSettings = {
				ALWAYS_SEARCH_USER_PATHS = NO;
				CLANG_CXX_LANGUAGE_STANDARD = "gnu++0x";
				CLANG_CXX_LIBRARY = "libc++";
				CLANG_ENABLE_MODULES = YES;
				CLANG_ENABLE_OBJC_ARC = YES;
				CLANG_WARN_BOOL_CONVERSION = YES;
				CLANG_WARN_CONSTANT_CONVERSION = YES;
				CLANG_WARN_DIRECT_OBJC_ISA_USAGE = YES_ERROR;
				CLANG_WARN_EMPTY_BODY = YES;
				CLANG_WARN_ENUM_CONVERSION = YES;
				CLANG_WARN_INT_CONVERSION = YES;
				CLANG_WARN_OBJC_ROOT_CLASS = YES_ERROR;
				CLANG_WARN_UNREACHABLE_CODE = YES;
				CLANG_WARN__DUPLICATE_METHOD_MATCH = YES;
				CODE_SIGN_IDENTITY = "-";
				COPY_PHASE_STRIP = NO;
				DEBUG_INFORMATION_FORMAT = "dwarf-with-dsym";
				ENABLE_NS_ASSERTIONS = NO;
				ENABLE_STRICT_OBJC_MSGSEND = YES;
				GCC_C_LANGUAGE_STANDARD = gnu99;
				GCC_NO_COMMON_BLOCKS = YES;
				GCC_WARN_64_TO_32_BIT_CONVERSION = YES;
				GCC_WARN_ABOUT_RETURN_TYPE = YES_ERROR;
				GCC_WARN_UNDECLARED_SELECTOR = YES;
				GCC_WARN_UNINITIALIZED_AUTOS = YES_AGGRESSIVE;
				GCC_WARN_UNUSED_FUNCTION = YES;
				GCC_WARN_UNUSED_VARIABLE = YES;
				MACOSX_DEPLOYMENT_TARGET = 10.10;
				MTL_ENABLE_DEBUG_INFO = NO;
				SDKROOT = macosx;
			};
			name = Release;
		};
		C9717AAF1C913DF000485C66 /* Debug */ = {
			isa = XCBuildConfiguration;
			buildSettings = {
				PRODUCT_NAME = "$(TARGET_NAME)";
			};
			name = Debug;
		};
		C9717AB01C913DF000485C66 /* Release */ = {
			isa = XCBuildConfiguration;
			buildSettings = {
				PRODUCT_NAME = "$(TARGET_NAME)";
			};
			name = Release;
		};
/* End XCBuildConfiguration section */

/* Begin XCConfigurationList section */
		C9717AA21C913DF000485C66 /* Build configuration list for PBXProject "DI-Protocol" */ = {
			isa = XCConfigurationList;
			buildConfigurations = (
				C9717AAC1C913DF000485C66 /* Debug */,
				C9717AAD1C913DF000485C66 /* Release */,
			);
			defaultConfigurationIsVisible = 0;
			defaultConfigurationName = Release;
		};
		C9717AAE1C913DF000485C66 /* Build configuration list for PBXNativeTarget "DI-Protocol" */ = {
			isa = XCConfigurationList;
			buildConfigurations = (
				C9717AAF1C913DF000485C66 /* Debug */,
				C9717AB01C913DF000485C66 /* Release */,
			);
			defaultConfigurationIsVisible = 0;
			defaultConfigurationName = Release;
		};
/* End XCConfigurationList section */
	};
	rootObject = C9717A9F1C913DF000485C66 /* Project object */;
}
